// !$*UTF8*$!
{
	archiveVersion = 1;
	classes = {
	};
	objectVersion = 56;
	objects = {

/* Begin PBXBuildFile section */
		5EFE1D212AA21327004B4F7A /* Network_CalculatorApp.swift in Sources */ = {isa = PBXBuildFile; fileRef = 5EFE1D202AA21327004B4F7A /* Network_CalculatorApp.swift */; };
		5EFE1D232AA21327004B4F7A /* ContentView.swift in Sources */ = {isa = PBXBuildFile; fileRef = 5EFE1D222AA21327004B4F7A /* ContentView.swift */; };
		5EFE1D252AA21328004B4F7A /* Assets.xcassets in Resources */ = {isa = PBXBuildFile; fileRef = 5EFE1D242AA21328004B4F7A /* Assets.xcassets */; };
		5EFE1D282AA21328004B4F7A /* Preview Assets.xcassets in Resources */ = {isa = PBXBuildFile; fileRef = 5EFE1D272AA21328004B4F7A /* Preview Assets.xcassets */; };
		5EFE1D322AA21328004B4F7A /* Network_CalculatorTests.swift in Sources */ = {isa = PBXBuildFile; fileRef = 5EFE1D312AA21328004B4F7A /* Network_CalculatorTests.swift */; };
		5EFE1D3C2AA21328004B4F7A /* Network_CalculatorUITests.swift in Sources */ = {isa = PBXBuildFile; fileRef = 5EFE1D3B2AA21328004B4F7A /* Network_CalculatorUITests.swift */; };
		5EFE1D3E2AA21328004B4F7A /* Network_CalculatorUITestsLaunchTests.swift in Sources */ = {isa = PBXBuildFile; fileRef = 5EFE1D3D2AA21328004B4F7A /* Network_CalculatorUITestsLaunchTests.swift */; };
		5EFE1D4F2AA21434004B4F7A /* DataInputView.swift in Sources */ = {isa = PBXBuildFile; fileRef = 5EFE1D4E2AA21434004B4F7A /* DataInputView.swift */; };
		5EFE1D512AA241BF004B4F7A /* MaskInputView.swift in Sources */ = {isa = PBXBuildFile; fileRef = 5EFE1D502AA241BF004B4F7A /* MaskInputView.swift */; };
		5EFE1D532AA24278004B4F7A /* IPAddressInputView.swift in Sources */ = {isa = PBXBuildFile; fileRef = 5EFE1D522AA24278004B4F7A /* IPAddressInputView.swift */; };
		5EFE1D552AA24AE7004B4F7A /* Calculations.swift in Sources */ = {isa = PBXBuildFile; fileRef = 5EFE1D542AA24AE7004B4F7A /* Calculations.swift */; };
		5EFE1D982AA34BAE004B4F7A /* DataController.swift in Sources */ = {isa = PBXBuildFile; fileRef = 5EFE1D972AA34BAE004B4F7A /* DataController.swift */; };
/* End PBXBuildFile section */

/* Begin PBXContainerItemProxy section */
		5EFE1D2E2AA21328004B4F7A /* PBXContainerItemProxy */ = {
			isa = PBXContainerItemProxy;
			containerPortal = 5EFE1D152AA21327004B4F7A /* Project object */;
			proxyType = 1;
			remoteGlobalIDString = 5EFE1D1C2AA21327004B4F7A;
			remoteInfo = "Network Calculator";
		};
		5EFE1D382AA21328004B4F7A /* PBXContainerItemProxy */ = {
			isa = PBXContainerItemProxy;
			containerPortal = 5EFE1D152AA21327004B4F7A /* Project object */;
			proxyType = 1;
			remoteGlobalIDString = 5EFE1D1C2AA21327004B4F7A;
			remoteInfo = "Network Calculator";
		};
/* End PBXContainerItemProxy section */

/* Begin PBXFileReference section */
		5EFE1D1D2AA21327004B4F7A /* SubNetCalc.app */ = {isa = PBXFileReference; explicitFileType = wrapper.application; includeInIndex = 0; path = SubNetCalc.app; sourceTree = BUILT_PRODUCTS_DIR; };
		5EFE1D202AA21327004B4F7A /* Network_CalculatorApp.swift */ = {isa = PBXFileReference; lastKnownFileType = sourcecode.swift; path = Network_CalculatorApp.swift; sourceTree = "<group>"; };
		5EFE1D222AA21327004B4F7A /* ContentView.swift */ = {isa = PBXFileReference; lastKnownFileType = sourcecode.swift; path = ContentView.swift; sourceTree = "<group>"; };
		5EFE1D242AA21328004B4F7A /* Assets.xcassets */ = {isa = PBXFileReference; lastKnownFileType = folder.assetcatalog; path = Assets.xcassets; sourceTree = "<group>"; };
		5EFE1D272AA21328004B4F7A /* Preview Assets.xcassets */ = {isa = PBXFileReference; lastKnownFileType = folder.assetcatalog; path = "Preview Assets.xcassets"; sourceTree = "<group>"; };
		5EFE1D2D2AA21328004B4F7A /* SubNetCalcTests.xctest */ = {isa = PBXFileReference; explicitFileType = wrapper.cfbundle; includeInIndex = 0; path = SubNetCalcTests.xctest; sourceTree = BUILT_PRODUCTS_DIR; };
		5EFE1D312AA21328004B4F7A /* Network_CalculatorTests.swift */ = {isa = PBXFileReference; lastKnownFileType = sourcecode.swift; path = Network_CalculatorTests.swift; sourceTree = "<group>"; };
		5EFE1D372AA21328004B4F7A /* SubNetCalcUITests.xctest */ = {isa = PBXFileReference; explicitFileType = wrapper.cfbundle; includeInIndex = 0; path = SubNetCalcUITests.xctest; sourceTree = BUILT_PRODUCTS_DIR; };
		5EFE1D3B2AA21328004B4F7A /* Network_CalculatorUITests.swift */ = {isa = PBXFileReference; lastKnownFileType = sourcecode.swift; path = Network_CalculatorUITests.swift; sourceTree = "<group>"; };
		5EFE1D3D2AA21328004B4F7A /* Network_CalculatorUITestsLaunchTests.swift */ = {isa = PBXFileReference; lastKnownFileType = sourcecode.swift; path = Network_CalculatorUITestsLaunchTests.swift; sourceTree = "<group>"; };
		5EFE1D4E2AA21434004B4F7A /* DataInputView.swift */ = {isa = PBXFileReference; lastKnownFileType = sourcecode.swift; path = DataInputView.swift; sourceTree = "<group>"; };
		5EFE1D502AA241BF004B4F7A /* MaskInputView.swift */ = {isa = PBXFileReference; lastKnownFileType = sourcecode.swift; path = MaskInputView.swift; sourceTree = "<group>"; };
		5EFE1D522AA24278004B4F7A /* IPAddressInputView.swift */ = {isa = PBXFileReference; lastKnownFileType = sourcecode.swift; path = IPAddressInputView.swift; sourceTree = "<group>"; };
		5EFE1D542AA24AE7004B4F7A /* Calculations.swift */ = {isa = PBXFileReference; lastKnownFileType = sourcecode.swift; path = Calculations.swift; sourceTree = "<group>"; };
		5EFE1D972AA34BAE004B4F7A /* DataController.swift */ = {isa = PBXFileReference; lastKnownFileType = sourcecode.swift; path = DataController.swift; sourceTree = "<group>"; };
/* End PBXFileReference section */

/* Begin PBXFrameworksBuildPhase section */
		5EFE1D1A2AA21327004B4F7A /* Frameworks */ = {
			isa = PBXFrameworksBuildPhase;
			buildActionMask = 2147483647;
			files = (
			);
			runOnlyForDeploymentPostprocessing = 0;
		};
		5EFE1D2A2AA21328004B4F7A /* Frameworks */ = {
			isa = PBXFrameworksBuildPhase;
			buildActionMask = 2147483647;
			files = (
			);
			runOnlyForDeploymentPostprocessing = 0;
		};
		5EFE1D342AA21328004B4F7A /* Frameworks */ = {
			isa = PBXFrameworksBuildPhase;
			buildActionMask = 2147483647;
			files = (
			);
			runOnlyForDeploymentPostprocessing = 0;
		};
/* End PBXFrameworksBuildPhase section */

/* Begin PBXGroup section */
		5EFE1D142AA21327004B4F7A = {
			isa = PBXGroup;
			children = (
				5EFE1D1F2AA21327004B4F7A /* Network Calculator */,
				5EFE1D302AA21328004B4F7A /* Network CalculatorTests */,
				5EFE1D3A2AA21328004B4F7A /* Network CalculatorUITests */,
				5EFE1D1E2AA21327004B4F7A /* Products */,
			);
			sourceTree = "<group>";
		};
		5EFE1D1E2AA21327004B4F7A /* Products */ = {
			isa = PBXGroup;
			children = (
				5EFE1D1D2AA21327004B4F7A /* SubNetCalc.app */,
				5EFE1D2D2AA21328004B4F7A /* SubNetCalcTests.xctest */,
				5EFE1D372AA21328004B4F7A /* SubNetCalcUITests.xctest */,
			);
			name = Products;
			sourceTree = "<group>";
		};
		5EFE1D1F2AA21327004B4F7A /* Network Calculator */ = {
			isa = PBXGroup;
			children = (
				5EFE1D4D2AA21363004B4F7A /* SupportFiles */,
				5EFE1D4B2AA21343004B4F7A /* ModelView */,
				5EFE1D4A2AA2133A004B4F7A /* View */,
				5EFE1D202AA21327004B4F7A /* Network_CalculatorApp.swift */,
				5EFE1D242AA21328004B4F7A /* Assets.xcassets */,
				5EFE1D262AA21328004B4F7A /* Preview Content */,
			);
			path = "Network Calculator";
			sourceTree = "<group>";
		};
		5EFE1D262AA21328004B4F7A /* Preview Content */ = {
			isa = PBXGroup;
			children = (
				5EFE1D272AA21328004B4F7A /* Preview Assets.xcassets */,
			);
			path = "Preview Content";
			sourceTree = "<group>";
		};
		5EFE1D302AA21328004B4F7A /* Network CalculatorTests */ = {
			isa = PBXGroup;
			children = (
				5EFE1D312AA21328004B4F7A /* Network_CalculatorTests.swift */,
			);
			path = "Network CalculatorTests";
			sourceTree = "<group>";
		};
		5EFE1D3A2AA21328004B4F7A /* Network CalculatorUITests */ = {
			isa = PBXGroup;
			children = (
				5EFE1D3B2AA21328004B4F7A /* Network_CalculatorUITests.swift */,
				5EFE1D3D2AA21328004B4F7A /* Network_CalculatorUITestsLaunchTests.swift */,
			);
			path = "Network CalculatorUITests";
			sourceTree = "<group>";
		};
		5EFE1D4A2AA2133A004B4F7A /* View */ = {
			isa = PBXGroup;
			children = (
				5EFE1D222AA21327004B4F7A /* ContentView.swift */,
				5EFE1D4E2AA21434004B4F7A /* DataInputView.swift */,
				5EFE1D502AA241BF004B4F7A /* MaskInputView.swift */,
				5EFE1D522AA24278004B4F7A /* IPAddressInputView.swift */,
			);
			path = View;
			sourceTree = "<group>";
		};
		5EFE1D4B2AA21343004B4F7A /* ModelView */ = {
			isa = PBXGroup;
			children = (
				5EFE1D972AA34BAE004B4F7A /* DataController.swift */,
			);
			path = ModelView;
			sourceTree = "<group>";
		};
		5EFE1D4D2AA21363004B4F7A /* SupportFiles */ = {
			isa = PBXGroup;
			children = (
				5EFE1D542AA24AE7004B4F7A /* Calculations.swift */,
			);
			path = SupportFiles;
			sourceTree = "<group>";
		};
/* End PBXGroup section */

/* Begin PBXNativeTarget section */
		5EFE1D1C2AA21327004B4F7A /* SubNetCalc */ = {
			isa = PBXNativeTarget;
			buildConfigurationList = 5EFE1D412AA21328004B4F7A /* Build configuration list for PBXNativeTarget "SubNetCalc" */;
			buildPhases = (
				5EFE1D192AA21327004B4F7A /* Sources */,
				5EFE1D1A2AA21327004B4F7A /* Frameworks */,
				5EFE1D1B2AA21327004B4F7A /* Resources */,
			);
			buildRules = (
			);
			dependencies = (
			);
			name = SubNetCalc;
			productName = "Network Calculator";
			productReference = 5EFE1D1D2AA21327004B4F7A /* SubNetCalc.app */;
			productType = "com.apple.product-type.application";
		};
		5EFE1D2C2AA21328004B4F7A /* SubNetCalcTests */ = {
			isa = PBXNativeTarget;
			buildConfigurationList = 5EFE1D442AA21328004B4F7A /* Build configuration list for PBXNativeTarget "SubNetCalcTests" */;
			buildPhases = (
				5EFE1D292AA21328004B4F7A /* Sources */,
				5EFE1D2A2AA21328004B4F7A /* Frameworks */,
				5EFE1D2B2AA21328004B4F7A /* Resources */,
			);
			buildRules = (
			);
			dependencies = (
				5EFE1D2F2AA21328004B4F7A /* PBXTargetDependency */,
			);
			name = SubNetCalcTests;
			productName = "Network CalculatorTests";
			productReference = 5EFE1D2D2AA21328004B4F7A /* SubNetCalcTests.xctest */;
			productType = "com.apple.product-type.bundle.unit-test";
		};
		5EFE1D362AA21328004B4F7A /* SubNetCalcUITests */ = {
			isa = PBXNativeTarget;
			buildConfigurationList = 5EFE1D472AA21328004B4F7A /* Build configuration list for PBXNativeTarget "SubNetCalcUITests" */;
			buildPhases = (
				5EFE1D332AA21328004B4F7A /* Sources */,
				5EFE1D342AA21328004B4F7A /* Frameworks */,
				5EFE1D352AA21328004B4F7A /* Resources */,
			);
			buildRules = (
			);
			dependencies = (
				5EFE1D392AA21328004B4F7A /* PBXTargetDependency */,
			);
			name = SubNetCalcUITests;
			productName = "Network CalculatorUITests";
			productReference = 5EFE1D372AA21328004B4F7A /* SubNetCalcUITests.xctest */;
			productType = "com.apple.product-type.bundle.ui-testing";
		};
/* End PBXNativeTarget section */

/* Begin PBXProject section */
		5EFE1D152AA21327004B4F7A /* Project object */ = {
			isa = PBXProject;
			attributes = {
				BuildIndependentTargetsInParallel = 1;
				LastSwiftUpdateCheck = 1430;
				LastUpgradeCheck = 1430;
				TargetAttributes = {
					5EFE1D1C2AA21327004B4F7A = {
						CreatedOnToolsVersion = 14.3.1;
					};
					5EFE1D2C2AA21328004B4F7A = {
						CreatedOnToolsVersion = 14.3.1;
						TestTargetID = 5EFE1D1C2AA21327004B4F7A;
					};
					5EFE1D362AA21328004B4F7A = {
						CreatedOnToolsVersion = 14.3.1;
						TestTargetID = 5EFE1D1C2AA21327004B4F7A;
					};
				};
			};
			buildConfigurationList = 5EFE1D182AA21327004B4F7A /* Build configuration list for PBXProject "SubNetCalc" */;
			compatibilityVersion = "Xcode 14.0";
			developmentRegion = en;
			hasScannedForEncodings = 0;
			knownRegions = (
				en,
				Base,
			);
			mainGroup = 5EFE1D142AA21327004B4F7A;
			productRefGroup = 5EFE1D1E2AA21327004B4F7A /* Products */;
			projectDirPath = "";
			projectRoot = "";
			targets = (
				5EFE1D1C2AA21327004B4F7A /* SubNetCalc */,
				5EFE1D2C2AA21328004B4F7A /* SubNetCalcTests */,
				5EFE1D362AA21328004B4F7A /* SubNetCalcUITests */,
			);
		};
/* End PBXProject section */

/* Begin PBXResourcesBuildPhase section */
		5EFE1D1B2AA21327004B4F7A /* Resources */ = {
			isa = PBXResourcesBuildPhase;
			buildActionMask = 2147483647;
			files = (
				5EFE1D282AA21328004B4F7A /* Preview Assets.xcassets in Resources */,
				5EFE1D252AA21328004B4F7A /* Assets.xcassets in Resources */,
			);
			runOnlyForDeploymentPostprocessing = 0;
		};
		5EFE1D2B2AA21328004B4F7A /* Resources */ = {
			isa = PBXResourcesBuildPhase;
			buildActionMask = 2147483647;
			files = (
			);
			runOnlyForDeploymentPostprocessing = 0;
		};
		5EFE1D352AA21328004B4F7A /* Resources */ = {
			isa = PBXResourcesBuildPhase;
			buildActionMask = 2147483647;
			files = (
			);
			runOnlyForDeploymentPostprocessing = 0;
		};
/* End PBXResourcesBuildPhase section */

/* Begin PBXSourcesBuildPhase section */
		5EFE1D192AA21327004B4F7A /* Sources */ = {
			isa = PBXSourcesBuildPhase;
			buildActionMask = 2147483647;
			files = (
				5EFE1D982AA34BAE004B4F7A /* DataController.swift in Sources */,
				5EFE1D232AA21327004B4F7A /* ContentView.swift in Sources */,
				5EFE1D552AA24AE7004B4F7A /* Calculations.swift in Sources */,
				5EFE1D512AA241BF004B4F7A /* MaskInputView.swift in Sources */,
				5EFE1D532AA24278004B4F7A /* IPAddressInputView.swift in Sources */,
				5EFE1D212AA21327004B4F7A /* Network_CalculatorApp.swift in Sources */,
				5EFE1D4F2AA21434004B4F7A /* DataInputView.swift in Sources */,
			);
			runOnlyForDeploymentPostprocessing = 0;
		};
		5EFE1D292AA21328004B4F7A /* Sources */ = {
			isa = PBXSourcesBuildPhase;
			buildActionMask = 2147483647;
			files = (
				5EFE1D322AA21328004B4F7A /* Network_CalculatorTests.swift in Sources */,
			);
			runOnlyForDeploymentPostprocessing = 0;
		};
		5EFE1D332AA21328004B4F7A /* Sources */ = {
			isa = PBXSourcesBuildPhase;
			buildActionMask = 2147483647;
			files = (
				5EFE1D3C2AA21328004B4F7A /* Network_CalculatorUITests.swift in Sources */,
				5EFE1D3E2AA21328004B4F7A /* Network_CalculatorUITestsLaunchTests.swift in Sources */,
			);
			runOnlyForDeploymentPostprocessing = 0;
		};
/* End PBXSourcesBuildPhase section */

/* Begin PBXTargetDependency section */
		5EFE1D2F2AA21328004B4F7A /* PBXTargetDependency */ = {
			isa = PBXTargetDependency;
			target = 5EFE1D1C2AA21327004B4F7A /* SubNetCalc */;
			targetProxy = 5EFE1D2E2AA21328004B4F7A /* PBXContainerItemProxy */;
		};
		5EFE1D392AA21328004B4F7A /* PBXTargetDependency */ = {
			isa = PBXTargetDependency;
			target = 5EFE1D1C2AA21327004B4F7A /* SubNetCalc */;
			targetProxy = 5EFE1D382AA21328004B4F7A /* PBXContainerItemProxy */;
		};
/* End PBXTargetDependency section */

/* Begin XCBuildConfiguration section */
		5EFE1D3F2AA21328004B4F7A /* Debug */ = {
			isa = XCBuildConfiguration;
			buildSettings = {
				ALWAYS_SEARCH_USER_PATHS = NO;
				CLANG_ANALYZER_NONNULL = YES;
				CLANG_ANALYZER_NUMBER_OBJECT_CONVERSION = YES_AGGRESSIVE;
				CLANG_CXX_LANGUAGE_STANDARD = "gnu++20";
				CLANG_ENABLE_MODULES = YES;
				CLANG_ENABLE_OBJC_ARC = YES;
				CLANG_ENABLE_OBJC_WEAK = YES;
				CLANG_WARN_BLOCK_CAPTURE_AUTORELEASING = YES;
				CLANG_WARN_BOOL_CONVERSION = YES;
				CLANG_WARN_COMMA = YES;
				CLANG_WARN_CONSTANT_CONVERSION = YES;
				CLANG_WARN_DEPRECATED_OBJC_IMPLEMENTATIONS = YES;
				CLANG_WARN_DIRECT_OBJC_ISA_USAGE = YES_ERROR;
				CLANG_WARN_DOCUMENTATION_COMMENTS = YES;
				CLANG_WARN_EMPTY_BODY = YES;
				CLANG_WARN_ENUM_CONVERSION = YES;
				CLANG_WARN_INFINITE_RECURSION = YES;
				CLANG_WARN_INT_CONVERSION = YES;
				CLANG_WARN_NON_LITERAL_NULL_CONVERSION = YES;
				CLANG_WARN_OBJC_IMPLICIT_RETAIN_SELF = YES;
				CLANG_WARN_OBJC_LITERAL_CONVERSION = YES;
				CLANG_WARN_OBJC_ROOT_CLASS = YES_ERROR;
				CLANG_WARN_QUOTED_INCLUDE_IN_FRAMEWORK_HEADER = YES;
				CLANG_WARN_RANGE_LOOP_ANALYSIS = YES;
				CLANG_WARN_STRICT_PROTOTYPES = YES;
				CLANG_WARN_SUSPICIOUS_MOVE = YES;
				CLANG_WARN_UNGUARDED_AVAILABILITY = YES_AGGRESSIVE;
				CLANG_WARN_UNREACHABLE_CODE = YES;
				CLANG_WARN__DUPLICATE_METHOD_MATCH = YES;
				COPY_PHASE_STRIP = NO;
				DEBUG_INFORMATION_FORMAT = dwarf;
				ENABLE_STRICT_OBJC_MSGSEND = YES;
				ENABLE_TESTABILITY = YES;
				GCC_C_LANGUAGE_STANDARD = gnu11;
				GCC_DYNAMIC_NO_PIC = NO;
				GCC_NO_COMMON_BLOCKS = YES;
				GCC_OPTIMIZATION_LEVEL = 0;
				GCC_PREPROCESSOR_DEFINITIONS = (
					"DEBUG=1",
					"$(inherited)",
				);
				GCC_WARN_64_TO_32_BIT_CONVERSION = YES;
				GCC_WARN_ABOUT_RETURN_TYPE = YES_ERROR;
				GCC_WARN_UNDECLARED_SELECTOR = YES;
				GCC_WARN_UNINITIALIZED_AUTOS = YES_AGGRESSIVE;
				GCC_WARN_UNUSED_FUNCTION = YES;
				GCC_WARN_UNUSED_VARIABLE = YES;
				IPHONEOS_DEPLOYMENT_TARGET = 16.4;
				MTL_ENABLE_DEBUG_INFO = INCLUDE_SOURCE;
				MTL_FAST_MATH = YES;
				ONLY_ACTIVE_ARCH = YES;
				SDKROOT = iphoneos;
				SWIFT_ACTIVE_COMPILATION_CONDITIONS = DEBUG;
				SWIFT_OPTIMIZATION_LEVEL = "-Onone";
			};
			name = Debug;
		};
		5EFE1D402AA21328004B4F7A /* Release */ = {
			isa = XCBuildConfiguration;
			buildSettings = {
				ALWAYS_SEARCH_USER_PATHS = NO;
				CLANG_ANALYZER_NONNULL = YES;
				CLANG_ANALYZER_NUMBER_OBJECT_CONVERSION = YES_AGGRESSIVE;
				CLANG_CXX_LANGUAGE_STANDARD = "gnu++20";
				CLANG_ENABLE_MODULES = YES;
				CLANG_ENABLE_OBJC_ARC = YES;
				CLANG_ENABLE_OBJC_WEAK = YES;
				CLANG_WARN_BLOCK_CAPTURE_AUTORELEASING = YES;
				CLANG_WARN_BOOL_CONVERSION = YES;
				CLANG_WARN_COMMA = YES;
				CLANG_WARN_CONSTANT_CONVERSION = YES;
				CLANG_WARN_DEPRECATED_OBJC_IMPLEMENTATIONS = YES;
				CLANG_WARN_DIRECT_OBJC_ISA_USAGE = YES_ERROR;
				CLANG_WARN_DOCUMENTATION_COMMENTS = YES;
				CLANG_WARN_EMPTY_BODY = YES;
				CLANG_WARN_ENUM_CONVERSION = YES;
				CLANG_WARN_INFINITE_RECURSION = YES;
				CLANG_WARN_INT_CONVERSION = YES;
				CLANG_WARN_NON_LITERAL_NULL_CONVERSION = YES;
				CLANG_WARN_OBJC_IMPLICIT_RETAIN_SELF = YES;
				CLANG_WARN_OBJC_LITERAL_CONVERSION = YES;
				CLANG_WARN_OBJC_ROOT_CLASS = YES_ERROR;
				CLANG_WARN_QUOTED_INCLUDE_IN_FRAMEWORK_HEADER = YES;
				CLANG_WARN_RANGE_LOOP_ANALYSIS = YES;
				CLANG_WARN_STRICT_PROTOTYPES = YES;
				CLANG_WARN_SUSPICIOUS_MOVE = YES;
				CLANG_WARN_UNGUARDED_AVAILABILITY = YES_AGGRESSIVE;
				CLANG_WARN_UNREACHABLE_CODE = YES;
				CLANG_WARN__DUPLICATE_METHOD_MATCH = YES;
				COPY_PHASE_STRIP = NO;
				DEBUG_INFORMATION_FORMAT = "dwarf-with-dsym";
				ENABLE_NS_ASSERTIONS = NO;
				ENABLE_STRICT_OBJC_MSGSEND = YES;
				GCC_C_LANGUAGE_STANDARD = gnu11;
				GCC_NO_COMMON_BLOCKS = YES;
				GCC_WARN_64_TO_32_BIT_CONVERSION = YES;
				GCC_WARN_ABOUT_RETURN_TYPE = YES_ERROR;
				GCC_WARN_UNDECLARED_SELECTOR = YES;
				GCC_WARN_UNINITIALIZED_AUTOS = YES_AGGRESSIVE;
				GCC_WARN_UNUSED_FUNCTION = YES;
				GCC_WARN_UNUSED_VARIABLE = YES;
				IPHONEOS_DEPLOYMENT_TARGET = 16.4;
				MTL_ENABLE_DEBUG_INFO = NO;
				MTL_FAST_MATH = YES;
				SDKROOT = iphoneos;
				SWIFT_COMPILATION_MODE = wholemodule;
				SWIFT_OPTIMIZATION_LEVEL = "-O";
				VALIDATE_PRODUCT = YES;
			};
			name = Release;
		};
		5EFE1D422AA21328004B4F7A /* Debug */ = {
			isa = XCBuildConfiguration;
			buildSettings = {
				ASSETCATALOG_COMPILER_APPICON_NAME = AppIcon;
				ASSETCATALOG_COMPILER_GLOBAL_ACCENT_COLOR_NAME = AccentColor;
				CODE_SIGN_STYLE = Automatic;
				CURRENT_PROJECT_VERSION = 1;
				DEVELOPMENT_ASSET_PATHS = "\"Network Calculator/Preview Content\"";
				DEVELOPMENT_TEAM = KKCT26533X;
				ENABLE_PREVIEWS = YES;
				GENERATE_INFOPLIST_FILE = YES;
				INFOPLIST_KEY_LSApplicationCategoryType = "public.app-category.utilities";
				INFOPLIST_KEY_UIApplicationSceneManifest_Generation = YES;
				INFOPLIST_KEY_UIApplicationSupportsIndirectInputEvents = YES;
				INFOPLIST_KEY_UILaunchScreen_Generation = YES;
				INFOPLIST_KEY_UISupportedInterfaceOrientations_iPad = "UIInterfaceOrientationPortrait UIInterfaceOrientationPortraitUpsideDown UIInterfaceOrientationLandscapeLeft UIInterfaceOrientationLandscapeRight";
				INFOPLIST_KEY_UISupportedInterfaceOrientations_iPhone = "UIInterfaceOrientationPortrait UIInterfaceOrientationLandscapeLeft UIInterfaceOrientationLandscapeRight";
				LD_RUNPATH_SEARCH_PATHS = (
					"$(inherited)",
					"@executable_path/Frameworks",
				);
				MARKETING_VERSION = 1.0;
				PRODUCT_BUNDLE_IDENTIFIER = "private.com.Network-Calculator";
				PRODUCT_NAME = "$(TARGET_NAME)";
				SWIFT_EMIT_LOC_STRINGS = YES;
				SWIFT_VERSION = 5.0;
				TARGETED_DEVICE_FAMILY = "1,2";
			};
			name = Debug;
		};
		5EFE1D432AA21328004B4F7A /* Release */ = {
			isa = XCBuildConfiguration;
			buildSettings = {
				ASSETCATALOG_COMPILER_APPICON_NAME = AppIcon;
				ASSETCATALOG_COMPILER_GLOBAL_ACCENT_COLOR_NAME = AccentColor;
				CODE_SIGN_STYLE = Automatic;
				CURRENT_PROJECT_VERSION = 1;
				DEVELOPMENT_ASSET_PATHS = "\"Network Calculator/Preview Content\"";
				DEVELOPMENT_TEAM = KKCT26533X;
				ENABLE_PREVIEWS = YES;
				GENERATE_INFOPLIST_FILE = YES;
				INFOPLIST_KEY_LSApplicationCategoryType = "public.app-category.utilities";
				INFOPLIST_KEY_UIApplicationSceneManifest_Generation = YES;
				INFOPLIST_KEY_UIApplicationSupportsIndirectInputEvents = YES;
				INFOPLIST_KEY_UILaunchScreen_Generation = YES;
				INFOPLIST_KEY_UISupportedInterfaceOrientations_iPad = "UIInterfaceOrientationPortrait UIInterfaceOrientationPortraitUpsideDown UIInterfaceOrientationLandscapeLeft UIInterfaceOrientationLandscapeRight";
				INFOPLIST_KEY_UISupportedInterfaceOrientations_iPhone = "UIInterfaceOrientationPortrait UIInterfaceOrientationLandscapeLeft UIInterfaceOrientationLandscapeRight";
				LD_RUNPATH_SEARCH_PATHS = (
					"$(inherited)",
					"@executable_path/Frameworks",
				);
				MARKETING_VERSION = 1.0;
				PRODUCT_BUNDLE_IDENTIFIER = "private.com.Network-Calculator";
				PRODUCT_NAME = "$(TARGET_NAME)";
				SWIFT_EMIT_LOC_STRINGS = YES;
				SWIFT_VERSION = 5.0;
				TARGETED_DEVICE_FAMILY = "1,2";
			};
			name = Release;
		};
		5EFE1D452AA21328004B4F7A /* Debug */ = {
			isa = XCBuildConfiguration;
			buildSettings = {
				ALWAYS_EMBED_SWIFT_STANDARD_LIBRARIES = YES;
				BUNDLE_LOADER = "$(TEST_HOST)";
				CODE_SIGN_STYLE = Automatic;
				CURRENT_PROJECT_VERSION = 1;
				DEVELOPMENT_TEAM = KKCT26533X;
				GENERATE_INFOPLIST_FILE = YES;
				IPHONEOS_DEPLOYMENT_TARGET = 16.4;
				MARKETING_VERSION = 1.0;
				PRODUCT_BUNDLE_IDENTIFIER = "private.com.Network-CalculatorTests";
				PRODUCT_NAME = "$(TARGET_NAME)";
				SWIFT_EMIT_LOC_STRINGS = NO;
				SWIFT_VERSION = 5.0;
				TARGETED_DEVICE_FAMILY = "1,2";
				TEST_HOST = "$(BUILT_PRODUCTS_DIR)/SubNetCalc.app/$(BUNDLE_EXECUTABLE_FOLDER_PATH)/SubNetCalc";
			};
			name = Debug;
		};
		5EFE1D462AA21328004B4F7A /* Release */ = {
			isa = XCBuildConfiguration;
			buildSettings = {
				ALWAYS_EMBED_SWIFT_STANDARD_LIBRARIES = YES;
				BUNDLE_LOADER = "$(TEST_HOST)";
				CODE_SIGN_STYLE = Automatic;
				CURRENT_PROJECT_VERSION = 1;
				DEVELOPMENT_TEAM = KKCT26533X;
				GENERATE_INFOPLIST_FILE = YES;
				IPHONEOS_DEPLOYMENT_TARGET = 16.4;
				MARKETING_VERSION = 1.0;
				PRODUCT_BUNDLE_IDENTIFIER = "private.com.Network-CalculatorTests";
				PRODUCT_NAME = "$(TARGET_NAME)";
				SWIFT_EMIT_LOC_STRINGS = NO;
				SWIFT_VERSION = 5.0;
				TARGETED_DEVICE_FAMILY = "1,2";
				TEST_HOST = "$(BUILT_PRODUCTS_DIR)/SubNetCalc.app/$(BUNDLE_EXECUTABLE_FOLDER_PATH)/SubNetCalc";
			};
			name = Release;
		};
		5EFE1D482AA21328004B4F7A /* Debug */ = {
			isa = XCBuildConfiguration;
			buildSettings = {
				ALWAYS_EMBED_SWIFT_STANDARD_LIBRARIES = YES;
				CODE_SIGN_STYLE = Automatic;
				CURRENT_PROJECT_VERSION = 1;
				DEVELOPMENT_TEAM = KKCT26533X;
				GENERATE_INFOPLIST_FILE = YES;
				MARKETING_VERSION = 1.0;
				PRODUCT_BUNDLE_IDENTIFIER = "private.com.Network-CalculatorUITests";
				PRODUCT_NAME = "$(TARGET_NAME)";
				SWIFT_EMIT_LOC_STRINGS = NO;
				SWIFT_VERSION = 5.0;
				TARGETED_DEVICE_FAMILY = "1,2";
				TEST_TARGET_NAME = "Network Calculator";
			};
			name = Debug;
		};
		5EFE1D492AA21328004B4F7A /* Release */ = {
			isa = XCBuildConfiguration;
			buildSettings = {
				ALWAYS_EMBED_SWIFT_STANDARD_LIBRARIES = YES;
				CODE_SIGN_STYLE = Automatic;
				CURRENT_PROJECT_VERSION = 1;
				DEVELOPMENT_TEAM = KKCT26533X;
				GENERATE_INFOPLIST_FILE = YES;
				MARKETING_VERSION = 1.0;
				PRODUCT_BUNDLE_IDENTIFIER = "private.com.Network-CalculatorUITests";
				PRODUCT_NAME = "$(TARGET_NAME)";
				SWIFT_EMIT_LOC_STRINGS = NO;
				SWIFT_VERSION = 5.0;
				TARGETED_DEVICE_FAMILY = "1,2";
				TEST_TARGET_NAME = "Network Calculator";
			};
			name = Release;
		};
/* End XCBuildConfiguration section */

/* Begin XCConfigurationList section */
		5EFE1D182AA21327004B4F7A /* Build configuration list for PBXProject "SubNetCalc" */ = {
			isa = XCConfigurationList;
			buildConfigurations = (
				5EFE1D3F2AA21328004B4F7A /* Debug */,
				5EFE1D402AA21328004B4F7A /* Release */,
			);
			defaultConfigurationIsVisible = 0;
			defaultConfigurationName = Release;
		};
		5EFE1D412AA21328004B4F7A /* Build configuration list for PBXNativeTarget "SubNetCalc" */ = {
			isa = XCConfigurationList;
			buildConfigurations = (
				5EFE1D422AA21328004B4F7A /* Debug */,
				5EFE1D432AA21328004B4F7A /* Release */,
			);
			defaultConfigurationIsVisible = 0;
			defaultConfigurationName = Release;
		};
		5EFE1D442AA21328004B4F7A /* Build configuration list for PBXNativeTarget "SubNetCalcTests" */ = {
			isa = XCConfigurationList;
			buildConfigurations = (
				5EFE1D452AA21328004B4F7A /* Debug */,
				5EFE1D462AA21328004B4F7A /* Release */,
			);
			defaultConfigurationIsVisible = 0;
			defaultConfigurationName = Release;
		};
		5EFE1D472AA21328004B4F7A /* Build configuration list for PBXNativeTarget "SubNetCalcUITests" */ = {
			isa = XCConfigurationList;
			buildConfigurations = (
				5EFE1D482AA21328004B4F7A /* Debug */,
				5EFE1D492AA21328004B4F7A /* Release */,
			);
			defaultConfigurationIsVisible = 0;
			defaultConfigurationName = Release;
		};
/* End XCConfigurationList section */
	};
	rootObject = 5EFE1D152AA21327004B4F7A /* Project object */;
}
